
Microsoft Visual Studio Solution File, Format Version 12.00
# Visual Studio 2012
Project("{8BC9CEB8-8B4A-11D0-8D11-00A0C91BC942}") = "binary_tester", "binary_tester\binary_tester.vcxproj", "{508C0425-1670-464C-8D28-FA0C54E40D35}"
EndProject
Global
	GlobalSection(SolutionConfigurationPlatforms) = preSolution
		Debug|Win32 = Debug|Win32
		Release|Win32 = Release|Win32
	EndGlobalSection
	GlobalSection(ProjectConfigurationPlatforms) = postSolution
		{508C0425-1670-464C-8D28-FA0C54E40D35}.Debug|Win32.ActiveCfg = Debug|Win32
		{508C0425-1670-464C-8D28-FA0C54E40D35}.Debug|Win32.Build.0 = Debug|Win32
		{508C0425-1670-464C-8D28-FA0C54E40D35}.Release|Win32.ActiveCfg = Release|Win32
		{508C0425-1670-464C-8D28-FA0C54E40D35}.Release|Win32.Build.0 = Release|Win32
	EndGlobalSection
	GlobalSection(SolutionProperties) = preSolution
		HideSolutionNode = FALSE
	EndGlobalSection
EndGlobal
